// !$*UTF8*$!
{
	archiveVersion = 1;
	classes = {
	};
	objectVersion = 50;
	objects = {

/* Begin PBXBuildFile section */
		9D871AEA26AB503200C10DFD /* AppDelegate.swift in Sources */ = {isa = PBXBuildFile; fileRef = 9D871AE926AB503200C10DFD /* AppDelegate.swift */; };
		9D871AEC26AB503200C10DFD /* SceneDelegate.swift in Sources */ = {isa = PBXBuildFile; fileRef = 9D871AEB26AB503200C10DFD /* SceneDelegate.swift */; };
		9D871AEE26AB503200C10DFD /* ViewController.swift in Sources */ = {isa = PBXBuildFile; fileRef = 9D871AED26AB503200C10DFD /* ViewController.swift */; };
		9D871AF126AB503200C10DFD /* Main.storyboard in Resources */ = {isa = PBXBuildFile; fileRef = 9D871AEF26AB503200C10DFD /* Main.storyboard */; };
		9D871AF326AB503400C10DFD /* Assets.xcassets in Resources */ = {isa = PBXBuildFile; fileRef = 9D871AF226AB503400C10DFD /* Assets.xcassets */; };
		9D871AF626AB503400C10DFD /* LaunchScreen.storyboard in Resources */ = {isa = PBXBuildFile; fileRef = 9D871AF426AB503400C10DFD /* LaunchScreen.storyboard */; };
		9D871B0126AB503400C10DFD /* TipCalTests.swift in Sources */ = {isa = PBXBuildFile; fileRef = 9D871B0026AB503400C10DFD /* TipCalTests.swift */; };
		9D871B0C26AB503400C10DFD /* TipCalUITests.swift in Sources */ = {isa = PBXBuildFile; fileRef = 9D871B0B26AB503400C10DFD /* TipCalUITests.swift */; };
/* End PBXBuildFile section */

/* Begin PBXContainerItemProxy section */
		9D871AFD26AB503400C10DFD /* PBXContainerItemProxy */ = {
			isa = PBXContainerItemProxy;
			containerPortal = 9D871ADE26AB503200C10DFD /* Project object */;
			proxyType = 1;
			remoteGlobalIDString = 9D871AE526AB503200C10DFD;
			remoteInfo = TipCal;
		};
		9D871B0826AB503400C10DFD /* PBXContainerItemProxy */ = {
			isa = PBXContainerItemProxy;
			containerPortal = 9D871ADE26AB503200C10DFD /* Project object */;
			proxyType = 1;
			remoteGlobalIDString = 9D871AE526AB503200C10DFD;
			remoteInfo = TipCal;
		};
/* End PBXContainerItemProxy section */

/* Begin PBXFileReference section */
		9D871AE626AB503200C10DFD /* TipCal.app */ = {isa = PBXFileReference; explicitFileType = wrapper.application; includeInIndex = 0; path = TipCal.app; sourceTree = BUILT_PRODUCTS_DIR; };
		9D871AE926AB503200C10DFD /* AppDelegate.swift */ = {isa = PBXFileReference; lastKnownFileType = sourcecode.swift; path = AppDelegate.swift; sourceTree = "<group>"; };
		9D871AEB26AB503200C10DFD /* SceneDelegate.swift */ = {isa = PBXFileReference; lastKnownFileType = sourcecode.swift; path = SceneDelegate.swift; sourceTree = "<group>"; };
		9D871AED26AB503200C10DFD /* ViewController.swift */ = {isa = PBXFileReference; lastKnownFileType = sourcecode.swift; path = ViewController.swift; sourceTree = "<group>"; };
		9D871AF026AB503200C10DFD /* Base */ = {isa = PBXFileReference; lastKnownFileType = file.storyboard; name = Base; path = Base.lproj/Main.storyboard; sourceTree = "<group>"; };
		9D871AF226AB503400C10DFD /* Assets.xcassets */ = {isa = PBXFileReference; lastKnownFileType = folder.assetcatalog; path = Assets.xcassets; sourceTree = "<group>"; };
		9D871AF526AB503400C10DFD /* Base */ = {isa = PBXFileReference; lastKnownFileType = file.storyboard; name = Base; path = Base.lproj/LaunchScreen.storyboard; sourceTree = "<group>"; };
		9D871AF726AB503400C10DFD /* Info.plist */ = {isa = PBXFileReference; lastKnownFileType = text.plist.xml; path = Info.plist; sourceTree = "<group>"; };
		9D871AFC26AB503400C10DFD /* TipCalTests.xctest */ = {isa = PBXFileReference; explicitFileType = wrapper.cfbundle; includeInIndex = 0; path = TipCalTests.xctest; sourceTree = BUILT_PRODUCTS_DIR; };
		9D871B0026AB503400C10DFD /* TipCalTests.swift */ = {isa = PBXFileReference; lastKnownFileType = sourcecode.swift; path = TipCalTests.swift; sourceTree = "<group>"; };
		9D871B0226AB503400C10DFD /* Info.plist */ = {isa = PBXFileReference; lastKnownFileType = text.plist.xml; path = Info.plist; sourceTree = "<group>"; };
		9D871B0726AB503400C10DFD /* TipCalUITests.xctest */ = {isa = PBXFileReference; explicitFileType = wrapper.cfbundle; includeInIndex = 0; path = TipCalUITests.xctest; sourceTree = BUILT_PRODUCTS_DIR; };
		9D871B0B26AB503400C10DFD /* TipCalUITests.swift */ = {isa = PBXFileReference; lastKnownFileType = sourcecode.swift; path = TipCalUITests.swift; sourceTree = "<group>"; };
		9D871B0D26AB503400C10DFD /* Info.plist */ = {isa = PBXFileReference; lastKnownFileType = text.plist.xml; path = Info.plist; sourceTree = "<group>"; };
/* End PBXFileReference section */

/* Begin PBXFrameworksBuildPhase section */
		9D871AE326AB503200C10DFD /* Frameworks */ = {
			isa = PBXFrameworksBuildPhase;
			buildActionMask = 2147483647;
			files = (
			);
			runOnlyForDeploymentPostprocessing = 0;
		};
		9D871AF926AB503400C10DFD /* Frameworks */ = {
			isa = PBXFrameworksBuildPhase;
			buildActionMask = 2147483647;
			files = (
			);
			runOnlyForDeploymentPostprocessing = 0;
		};
		9D871B0426AB503400C10DFD /* Frameworks */ = {
			isa = PBXFrameworksBuildPhase;
			buildActionMask = 2147483647;
			files = (
			);
			runOnlyForDeploymentPostprocessing = 0;
		};
/* End PBXFrameworksBuildPhase section */

/* Begin PBXGroup section */
		9D871ADD26AB503200C10DFD = {
			isa = PBXGroup;
			children = (
				9D871AE826AB503200C10DFD /* TipCal */,
				9D871AFF26AB503400C10DFD /* TipCalTests */,
				9D871B0A26AB503400C10DFD /* TipCalUITests */,
				9D871AE726AB503200C10DFD /* Products */,
			);
			sourceTree = "<group>";
		};
		9D871AE726AB503200C10DFD /* Products */ = {
			isa = PBXGroup;
			children = (
				9D871AE626AB503200C10DFD /* TipCal.app */,
				9D871AFC26AB503400C10DFD /* TipCalTests.xctest */,
				9D871B0726AB503400C10DFD /* TipCalUITests.xctest */,
			);
			name = Products;
			sourceTree = "<group>";
		};
		9D871AE826AB503200C10DFD /* TipCal */ = {
			isa = PBXGroup;
			children = (
				9D871AE926AB503200C10DFD /* AppDelegate.swift */,
				9D871AEB26AB503200C10DFD /* SceneDelegate.swift */,
				9D871AED26AB503200C10DFD /* ViewController.swift */,
				9D871AEF26AB503200C10DFD /* Main.storyboard */,
				9D871AF226AB503400C10DFD /* Assets.xcassets */,
				9D871AF426AB503400C10DFD /* LaunchScreen.storyboard */,
				9D871AF726AB503400C10DFD /* Info.plist */,
			);
			path = TipCal;
			sourceTree = "<group>";
		};
		9D871AFF26AB503400C10DFD /* TipCalTests */ = {
			isa = PBXGroup;
			children = (
				9D871B0026AB503400C10DFD /* TipCalTests.swift */,
				9D871B0226AB503400C10DFD /* Info.plist */,
			);
			path = TipCalTests;
			sourceTree = "<group>";
		};
		9D871B0A26AB503400C10DFD /* TipCalUITests */ = {
			isa = PBXGroup;
			children = (
				9D871B0B26AB503400C10DFD /* TipCalUITests.swift */,
				9D871B0D26AB503400C10DFD /* Info.plist */,
			);
			path = TipCalUITests;
			sourceTree = "<group>";
		};
/* End PBXGroup section */

/* Begin PBXNativeTarget section */
		9D871AE526AB503200C10DFD /* TipCal */ = {
			isa = PBXNativeTarget;
			buildConfigurationList = 9D871B1026AB503400C10DFD /* Build configuration list for PBXNativeTarget "TipCal" */;
			buildPhases = (
				9D871AE226AB503200C10DFD /* Sources */,
				9D871AE326AB503200C10DFD /* Frameworks */,
				9D871AE426AB503200C10DFD /* Resources */,
			);
			buildRules = (
			);
			dependencies = (
			);
			name = TipCal;
			productName = TipCal;
			productReference = 9D871AE626AB503200C10DFD /* TipCal.app */;
			productType = "com.apple.product-type.application";
		};
		9D871AFB26AB503400C10DFD /* TipCalTests */ = {
			isa = PBXNativeTarget;
			buildConfigurationList = 9D871B1326AB503400C10DFD /* Build configuration list for PBXNativeTarget "TipCalTests" */;
			buildPhases = (
				9D871AF826AB503400C10DFD /* Sources */,
				9D871AF926AB503400C10DFD /* Frameworks */,
				9D871AFA26AB503400C10DFD /* Resources */,
			);
			buildRules = (
			);
			dependencies = (
				9D871AFE26AB503400C10DFD /* PBXTargetDependency */,
			);
			name = TipCalTests;
			productName = TipCalTests;
			productReference = 9D871AFC26AB503400C10DFD /* TipCalTests.xctest */;
			productType = "com.apple.product-type.bundle.unit-test";
		};
		9D871B0626AB503400C10DFD /* TipCalUITests */ = {
			isa = PBXNativeTarget;
			buildConfigurationList = 9D871B1626AB503400C10DFD /* Build configuration list for PBXNativeTarget "TipCalUITests" */;
			buildPhases = (
				9D871B0326AB503400C10DFD /* Sources */,
				9D871B0426AB503400C10DFD /* Frameworks */,
				9D871B0526AB503400C10DFD /* Resources */,
			);
			buildRules = (
			);
			dependencies = (
				9D871B0926AB503400C10DFD /* PBXTargetDependency */,
			);
			name = TipCalUITests;
			productName = TipCalUITests;
			productReference = 9D871B0726AB503400C10DFD /* TipCalUITests.xctest */;
			productType = "com.apple.product-type.bundle.ui-testing";
		};
/* End PBXNativeTarget section */

/* Begin PBXProject section */
		9D871ADE26AB503200C10DFD /* Project object */ = {
			isa = PBXProject;
			attributes = {
				LastSwiftUpdateCheck = 1250;
				LastUpgradeCheck = 1250;
				TargetAttributes = {
					9D871AE526AB503200C10DFD = {
						CreatedOnToolsVersion = 12.5.1;
					};
					9D871AFB26AB503400C10DFD = {
						CreatedOnToolsVersion = 12.5.1;
						TestTargetID = 9D871AE526AB503200C10DFD;
					};
					9D871B0626AB503400C10DFD = {
						CreatedOnToolsVersion = 12.5.1;
						TestTargetID = 9D871AE526AB503200C10DFD;
					};
				};
			};
			buildConfigurationList = 9D871AE126AB503200C10DFD /* Build configuration list for PBXProject "TipCal" */;
			compatibilityVersion = "Xcode 9.3";
			developmentRegion = en;
			hasScannedForEncodings = 0;
			knownRegions = (
				en,
				Base,
			);
			mainGroup = 9D871ADD26AB503200C10DFD;
			productRefGroup = 9D871AE726AB503200C10DFD /* Products */;
			projectDirPath = "";
			projectRoot = "";
			targets = (
				9D871AE526AB503200C10DFD /* TipCal */,
				9D871AFB26AB503400C10DFD /* TipCalTests */,
				9D871B0626AB503400C10DFD /* TipCalUITests */,
			);
		};
/* End PBXProject section */

/* Begin PBXResourcesBuildPhase section */
		9D871AE426AB503200C10DFD /* Resources */ = {
			isa = PBXResourcesBuildPhase;
			buildActionMask = 2147483647;
			files = (
				9D871AF626AB503400C10DFD /* LaunchScreen.storyboard in Resources */,
				9D871AF326AB503400C10DFD /* Assets.xcassets in Resources */,
				9D871AF126AB503200C10DFD /* Main.storyboard in Resources */,
			);
			runOnlyForDeploymentPostprocessing = 0;
		};
		9D871AFA26AB503400C10DFD /* Resources */ = {
			isa = PBXResourcesBuildPhase;
			buildActionMask = 2147483647;
			files = (
			);
			runOnlyForDeploymentPostprocessing = 0;
		};
		9D871B0526AB503400C10DFD /* Resources */ = {
			isa = PBXResourcesBuildPhase;
			buildActionMask = 2147483647;
			files = (
			);
			runOnlyForDeploymentPostprocessing = 0;
		};
/* End PBXResourcesBuildPhase section */

/* Begin PBXSourcesBuildPhase section */
		9D871AE226AB503200C10DFD /* Sources */ = {
			isa = PBXSourcesBuildPhase;
			buildActionMask = 2147483647;
			files = (
				9D871AEE26AB503200C10DFD /* ViewController.swift in Sources */,
				9D871AEA26AB503200C10DFD /* AppDelegate.swift in Sources */,
				9D871AEC26AB503200C10DFD /* SceneDelegate.swift in Sources */,
			);
			runOnlyForDeploymentPostprocessing = 0;
		};
		9D871AF826AB503400C10DFD /* Sources */ = {
			isa = PBXSourcesBuildPhase;
			buildActionMask = 2147483647;
			files = (
				9D871B0126AB503400C10DFD /* TipCalTests.swift in Sources */,
			);
			runOnlyForDeploymentPostprocessing = 0;
		};
		9D871B0326AB503400C10DFD /* Sources */ = {
			isa = PBXSourcesBuildPhase;
			buildActionMask = 2147483647;
			files = (
				9D871B0C26AB503400C10DFD /* TipCalUITests.swift in Sources */,
			);
			runOnlyForDeploymentPostprocessing = 0;
		};
/* End PBXSourcesBuildPhase section */

/* Begin PBXTargetDependency section */
		9D871AFE26AB503400C10DFD /* PBXTargetDependency */ = {
			isa = PBXTargetDependency;
			target = 9D871AE526AB503200C10DFD /* TipCal */;
			targetProxy = 9D871AFD26AB503400C10DFD /* PBXContainerItemProxy */;
		};
		9D871B0926AB503400C10DFD /* PBXTargetDependency */ = {
			isa = PBXTargetDependency;
			target = 9D871AE526AB503200C10DFD /* TipCal */;
			targetProxy = 9D871B0826AB503400C10DFD /* PBXContainerItemProxy */;
		};
/* End PBXTargetDependency section */

/* Begin PBXVariantGroup section */
		9D871AEF26AB503200C10DFD /* Main.storyboard */ = {
			isa = PBXVariantGroup;
			children = (
				9D871AF026AB503200C10DFD /* Base */,
			);
			name = Main.storyboard;
			sourceTree = "<group>";
		};
		9D871AF426AB503400C10DFD /* LaunchScreen.storyboard */ = {
			isa = PBXVariantGroup;
			children = (
				9D871AF526AB503400C10DFD /* Base */,
			);
			name = LaunchScreen.storyboard;
			sourceTree = "<group>";
		};
/* End PBXVariantGroup section */

/* Begin XCBuildConfiguration section */
		9D871B0E26AB503400C10DFD /* Debug */ = {
			isa = XCBuildConfiguration;
			buildSettings = {
				ALWAYS_SEARCH_USER_PATHS = NO;
				CLANG_ANALYZER_NONNULL = YES;
				CLANG_ANALYZER_NUMBER_OBJECT_CONVERSION = YES_AGGRESSIVE;
				CLANG_CXX_LANGUAGE_STANDARD = "gnu++14";
				CLANG_CXX_LIBRARY = "libc++";
				CLANG_ENABLE_MODULES = YES;
				CLANG_ENABLE_OBJC_ARC = YES;
				CLANG_ENABLE_OBJC_WEAK = YES;
				CLANG_WARN_BLOCK_CAPTURE_AUTORELEASING = YES;
				CLANG_WARN_BOOL_CONVERSION = YES;
				CLANG_WARN_COMMA = YES;
				CLANG_WARN_CONSTANT_CONVERSION = YES;
				CLANG_WARN_DEPRECATED_OBJC_IMPLEMENTATIONS = YES;
				CLANG_WARN_DIRECT_OBJC_ISA_USAGE = YES_ERROR;
				CLANG_WARN_DOCUMENTATION_COMMENTS = YES;
				CLANG_WARN_EMPTY_BODY = YES;
				CLANG_WARN_ENUM_CONVERSION = YES;
				CLANG_WARN_INFINITE_RECURSION = YES;
				CLANG_WARN_INT_CONVERSION = YES;
				CLANG_WARN_NON_LITERAL_NULL_CONVERSION = YES;
				CLANG_WARN_OBJC_IMPLICIT_RETAIN_SELF = YES;
				CLANG_WARN_OBJC_LITERAL_CONVERSION = YES;
				CLANG_WARN_OBJC_ROOT_CLASS = YES_ERROR;
				CLANG_WARN_QUOTED_INCLUDE_IN_FRAMEWORK_HEADER = YES;
				CLANG_WARN_RANGE_LOOP_ANALYSIS = YES;
				CLANG_WARN_STRICT_PROTOTYPES = YES;
				CLANG_WARN_SUSPICIOUS_MOVE = YES;
				CLANG_WARN_UNGUARDED_AVAILABILITY = YES_AGGRESSIVE;
				CLANG_WARN_UNREACHABLE_CODE = YES;
				CLANG_WARN__DUPLICATE_METHOD_MATCH = YES;
				COPY_PHASE_STRIP = NO;
				DEBUG_INFORMATION_FORMAT = dwarf;
				ENABLE_STRICT_OBJC_MSGSEND = YES;
				ENABLE_TESTABILITY = YES;
				GCC_C_LANGUAGE_STANDARD = gnu11;
				GCC_DYNAMIC_NO_PIC = NO;
				GCC_NO_COMMON_BLOCKS = YES;
				GCC_OPTIMIZATION_LEVEL = 0;
				GCC_PREPROCESSOR_DEFINITIONS = (
					"DEBUG=1",
					"$(inherited)",
				);
				GCC_WARN_64_TO_32_BIT_CONVERSION = YES;
				GCC_WARN_ABOUT_RETURN_TYPE = YES_ERROR;
				GCC_WARN_UNDECLARED_SELECTOR = YES;
				GCC_WARN_UNINITIALIZED_AUTOS = YES_AGGRESSIVE;
				GCC_WARN_UNUSED_FUNCTION = YES;
				GCC_WARN_UNUSED_VARIABLE = YES;
				IPHONEOS_DEPLOYMENT_TARGET = 14.5;
				MTL_ENABLE_DEBUG_INFO = INCLUDE_SOURCE;
				MTL_FAST_MATH = YES;
				ONLY_ACTIVE_ARCH = YES;
				SDKROOT = iphoneos;
				SWIFT_ACTIVE_COMPILATION_CONDITIONS = DEBUG;
				SWIFT_OPTIMIZATION_LEVEL = "-Onone";
			};
			name = Debug;
		};
		9D871B0F26AB503400C10DFD /* Release */ = {
			isa = XCBuildConfiguration;
			buildSettings = {
				ALWAYS_SEARCH_USER_PATHS = NO;
				CLANG_ANALYZER_NONNULL = YES;
				CLANG_ANALYZER_NUMBER_OBJECT_CONVERSION = YES_AGGRESSIVE;
				CLANG_CXX_LANGUAGE_STANDARD = "gnu++14";
				CLANG_CXX_LIBRARY = "libc++";
				CLANG_ENABLE_MODULES = YES;
				CLANG_ENABLE_OBJC_ARC = YES;
				CLANG_ENABLE_OBJC_WEAK = YES;
				CLANG_WARN_BLOCK_CAPTURE_AUTORELEASING = YES;
				CLANG_WARN_BOOL_CONVERSION = YES;
				CLANG_WARN_COMMA = YES;
				CLANG_WARN_CONSTANT_CONVERSION = YES;
				CLANG_WARN_DEPRECATED_OBJC_IMPLEMENTATIONS = YES;
				CLANG_WARN_DIRECT_OBJC_ISA_USAGE = YES_ERROR;
				CLANG_WARN_DOCUMENTATION_COMMENTS = YES;
				CLANG_WARN_EMPTY_BODY = YES;
				CLANG_WARN_ENUM_CONVERSION = YES;
				CLANG_WARN_INFINITE_RECURSION = YES;
				CLANG_WARN_INT_CONVERSION = YES;
				CLANG_WARN_NON_LITERAL_NULL_CONVERSION = YES;
				CLANG_WARN_OBJC_IMPLICIT_RETAIN_SELF = YES;
				CLANG_WARN_OBJC_LITERAL_CONVERSION = YES;
				CLANG_WARN_OBJC_ROOT_CLASS = YES_ERROR;
				CLANG_WARN_QUOTED_INCLUDE_IN_FRAMEWORK_HEADER = YES;
				CLANG_WARN_RANGE_LOOP_ANALYSIS = YES;
				CLANG_WARN_STRICT_PROTOTYPES = YES;
				CLANG_WARN_SUSPICIOUS_MOVE = YES;
				CLANG_WARN_UNGUARDED_AVAILABILITY = YES_AGGRESSIVE;
				CLANG_WARN_UNREACHABLE_CODE = YES;
				CLANG_WARN__DUPLICATE_METHOD_MATCH = YES;
				COPY_PHASE_STRIP = NO;
				DEBUG_INFORMATION_FORMAT = "dwarf-with-dsym";
				ENABLE_NS_ASSERTIONS = NO;
				ENABLE_STRICT_OBJC_MSGSEND = YES;
				GCC_C_LANGUAGE_STANDARD = gnu11;
				GCC_NO_COMMON_BLOCKS = YES;
				GCC_WARN_64_TO_32_BIT_CONVERSION = YES;
				GCC_WARN_ABOUT_RETURN_TYPE = YES_ERROR;
				GCC_WARN_UNDECLARED_SELECTOR = YES;
				GCC_WARN_UNINITIALIZED_AUTOS = YES_AGGRESSIVE;
				GCC_WARN_UNUSED_FUNCTION = YES;
				GCC_WARN_UNUSED_VARIABLE = YES;
				IPHONEOS_DEPLOYMENT_TARGET = 14.5;
				MTL_ENABLE_DEBUG_INFO = NO;
				MTL_FAST_MATH = YES;
				SDKROOT = iphoneos;
				SWIFT_COMPILATION_MODE = wholemodule;
				SWIFT_OPTIMIZATION_LEVEL = "-O";
				VALIDATE_PRODUCT = YES;
			};
			name = Release;
		};
		9D871B1126AB503400C10DFD /* Debug */ = {
			isa = XCBuildConfiguration;
			buildSettings = {
				ASSETCATALOG_COMPILER_APPICON_NAME = AppIcon;
				ASSETCATALOG_COMPILER_GLOBAL_ACCENT_COLOR_NAME = AccentColor;
				CODE_SIGN_STYLE = Automatic;
				INFOPLIST_FILE = TipCal/Info.plist;
				LD_RUNPATH_SEARCH_PATHS = (
					"$(inherited)",
					"@executable_path/Frameworks",
				);
				PRODUCT_BUNDLE_IDENTIFIER = Brang.TipCal;
				PRODUCT_NAME = "$(TARGET_NAME)";
				SWIFT_VERSION = 5.0;
				TARGETED_DEVICE_FAMILY = "1,2";
			};
			name = Debug;
		};
		9D871B1226AB503400C10DFD /* Release */ = {
			isa = XCBuildConfiguration;
			buildSettings = {
				ASSETCATALOG_COMPILER_APPICON_NAME = AppIcon;
				ASSETCATALOG_COMPILER_GLOBAL_ACCENT_COLOR_NAME = AccentColor;
				CODE_SIGN_STYLE = Automatic;
				INFOPLIST_FILE = TipCal/Info.plist;
				LD_RUNPATH_SEARCH_PATHS = (
					"$(inherited)",
					"@executable_path/Frameworks",
				);
				PRODUCT_BUNDLE_IDENTIFIER = Brang.TipCal;
				PRODUCT_NAME = "$(TARGET_NAME)";
				SWIFT_VERSION = 5.0;
				TARGETED_DEVICE_FAMILY = "1,2";
			};
			name = Release;
		};
		9D871B1426AB503400C10DFD /* Debug */ = {
			isa = XCBuildConfiguration;
			buildSettings = {
				ALWAYS_EMBED_SWIFT_STANDARD_LIBRARIES = YES;
				BUNDLE_LOADER = "$(TEST_HOST)";
				CODE_SIGN_STYLE = Automatic;
				INFOPLIST_FILE = TipCalTests/Info.plist;
				IPHONEOS_DEPLOYMENT_TARGET = 14.5;
				LD_RUNPATH_SEARCH_PATHS = (
					"$(inherited)",
					"@executable_path/Frameworks",
					"@loader_path/Frameworks",
				);
				PRODUCT_BUNDLE_IDENTIFIER = Brang.TipCalTests;
				PRODUCT_NAME = "$(TARGET_NAME)";
				SWIFT_VERSION = 5.0;
				TARGETED_DEVICE_FAMILY = "1,2";
				TEST_HOST = "$(BUILT_PRODUCTS_DIR)/TipCal.app/TipCal";
			};
			name = Debug;
		};
		9D871B1526AB503400C10DFD /* Release */ = {
			isa = XCBuildConfiguration;
			buildSettings = {
				ALWAYS_EMBED_SWIFT_STANDARD_LIBRARIES = YES;
				BUNDLE_LOADER = "$(TEST_HOST)";
				CODE_SIGN_STYLE = Automatic;
				INFOPLIST_FILE = TipCalTests/Info.plist;
				IPHONEOS_DEPLOYMENT_TARGET = 14.5;
				LD_RUNPATH_SEARCH_PATHS = (
					"$(inherited)",
					"@executable_path/Frameworks",
					"@loader_path/Frameworks",
				);
				PRODUCT_BUNDLE_IDENTIFIER = Brang.TipCalTests;
				PRODUCT_NAME = "$(TARGET_NAME)";
				SWIFT_VERSION = 5.0;
				TARGETED_DEVICE_FAMILY = "1,2";
				TEST_HOST = "$(BUILT_PRODUCTS_DIR)/TipCal.app/TipCal";
			};
			name = Release;
		};
		9D871B1726AB503400C10DFD /* Debug */ = {
			isa = XCBuildConfiguration;
			buildSettings = {
				ALWAYS_EMBED_SWIFT_STANDARD_LIBRARIES = YES;
				CODE_SIGN_STYLE = Automatic;
				INFOPLIST_FILE = TipCalUITests/Info.plist;
				LD_RUNPATH_SEARCH_PATHS = (
					"$(inherited)",
					"@executable_path/Frameworks",
					"@loader_path/Frameworks",
				);
				PRODUCT_BUNDLE_IDENTIFIER = Brang.TipCalUITests;
				PRODUCT_NAME = "$(TARGET_NAME)";
				SWIFT_VERSION = 5.0;
				TARGETED_DEVICE_FAMILY = "1,2";
				TEST_TARGET_NAME = TipCal;
			};
			name = Debug;
		};
		9D871B1826AB503400C10DFD /* Release */ = {
			isa = XCBuildConfiguration;
			buildSettings = {
				ALWAYS_EMBED_SWIFT_STANDARD_LIBRARIES = YES;
				CODE_SIGN_STYLE = Automatic;
				INFOPLIST_FILE = TipCalUITests/Info.plist;
				LD_RUNPATH_SEARCH_PATHS = (
					"$(inherited)",
					"@executable_path/Frameworks",
					"@loader_path/Frameworks",
				);
				PRODUCT_BUNDLE_IDENTIFIER = Brang.TipCalUITests;
				PRODUCT_NAME = "$(TARGET_NAME)";
				SWIFT_VERSION = 5.0;
				TARGETED_DEVICE_FAMILY = "1,2";
				TEST_TARGET_NAME = TipCal;
			};
			name = Release;
		};
/* End XCBuildConfiguration section */

/* Begin XCConfigurationList section */
		9D871AE126AB503200C10DFD /* Build configuration list for PBXProject "TipCal" */ = {
			isa = XCConfigurationList;
			buildConfigurations = (
				9D871B0E26AB503400C10DFD /* Debug */,
				9D871B0F26AB503400C10DFD /* Release */,
			);
			defaultConfigurationIsVisible = 0;
			defaultConfigurationName = Release;
		};
		9D871B1026AB503400C10DFD /* Build configuration list for PBXNativeTarget "TipCal" */ = {
			isa = XCConfigurationList;
			buildConfigurations = (
				9D871B1126AB503400C10DFD /* Debug */,
				9D871B1226AB503400C10DFD /* Release */,
			);
			defaultConfigurationIsVisible = 0;
			defaultConfigurationName = Release;
		};
		9D871B1326AB503400C10DFD /* Build configuration list for PBXNativeTarget "TipCalTests" */ = {
			isa = XCConfigurationList;
			buildConfigurations = (
				9D871B1426AB503400C10DFD /* Debug */,
				9D871B1526AB503400C10DFD /* Release */,
			);
			defaultConfigurationIsVisible = 0;
			defaultConfigurationName = Release;
		};
		9D871B1626AB503400C10DFD /* Build configuration list for PBXNativeTarget "TipCalUITests" */ = {
			isa = XCConfigurationList;
			buildConfigurations = (
				9D871B1726AB503400C10DFD /* Debug */,
				9D871B1826AB503400C10DFD /* Release */,
			);
			defaultConfigurationIsVisible = 0;
			defaultConfigurationName = Release;
		};
/* End XCConfigurationList section */
	};
	rootObject = 9D871ADE26AB503200C10DFD /* Project object */;
}
